
Microsoft Visual Studio Solution File, Format Version 12.00
# Visual Studio 15
VisualStudioVersion = 15.0.27703.2042
MinimumVisualStudioVersion = 10.0.40219.1
Project("{FAE04EC0-301F-11D3-BF4B-00C04F79EFBC}") = "MPlexHarness", "MPlexHarness\MPlexHarness.csproj", "{04CAAE7B-F384-4F01-A3CA-9D03F0371239}"
EndProject
Project("{FAE04EC0-301F-11D3-BF4B-00C04F79EFBC}") = "Drawing", "..\Drawing\Drawing.csproj", "{094389DF-E243-429C-9483-0E737212A453}"
EndProject
Project("{FAE04EC0-301F-11D3-BF4B-00C04F79EFBC}") = "Game", "..\Game\Game.csproj", "{ED64132E-8C1D-430C-BC79-F6084800CD05}"
EndProject
Global
	GlobalSection(SolutionConfigurationPlatforms) = preSolution
		Debug|Any CPU = Debug|Any CPU
		Release|Any CPU = Release|Any CPU
	EndGlobalSection
	GlobalSection(ProjectConfigurationPlatforms) = postSolution
		{04CAAE7B-F384-4F01-A3CA-9D03F0371239}.Debug|Any CPU.ActiveCfg = Debug|Any CPU
		{04CAAE7B-F384-4F01-A3CA-9D03F0371239}.Debug|Any CPU.Build.0 = Debug|Any CPU
		{04CAAE7B-F384-4F01-A3CA-9D03F0371239}.Release|Any CPU.ActiveCfg = Release|Any CPU
		{04CAAE7B-F384-4F01-A3CA-9D03F0371239}.Release|Any CPU.Build.0 = Release|Any CPU
		{094389DF-E243-429C-9483-0E737212A453}.Debug|Any CPU.ActiveCfg = Debug|Any CPU
		{094389DF-E243-429C-9483-0E737212A453}.Debug|Any CPU.Build.0 = Debug|Any CPU
		{094389DF-E243-429C-9483-0E737212A453}.Release|Any CPU.ActiveCfg = Release|Any CPU
		{094389DF-E243-429C-9483-0E737212A453}.Release|Any CPU.Build.0 = Release|Any CPU
		{ED64132E-8C1D-430C-BC79-F6084800CD05}.Debug|Any CPU.ActiveCfg = Debug|Any CPU
		{ED64132E-8C1D-430C-BC79-F6084800CD05}.Debug|Any CPU.Build.0 = Debug|Any CPU
		{ED64132E-8C1D-430C-BC79-F6084800CD05}.Release|Any CPU.ActiveCfg = Release|Any CPU
		{ED64132E-8C1D-430C-BC79-F6084800CD05}.Release|Any CPU.Build.0 = Release|Any CPU
	EndGlobalSection
	GlobalSection(SolutionProperties) = preSolution
		HideSolutionNode = FALSE
	EndGlobalSection
	GlobalSection(ExtensibilityGlobals) = postSolution
		SolutionGuid = {3C7CFC21-7473-4D8B-923F-900272655074}
	EndGlobalSection
EndGlobal
